
Microsoft Visual Studio Solution File, Format Version 12.00
# Visual Studio Version 16
VisualStudioVersion = 16.0.29230.47
MinimumVisualStudioVersion = 10.0.40219.1
Project("{FAE04EC0-301F-11D3-BF4B-00C04F79EFBC}") = "WEBAPIMVC", "WEBAPIMVC\WEBAPIMVC.csproj", "{54C8E18F-EDDC-455E-9684-F81F821F8C3B}"
EndProject
Project("{FAE04EC0-301F-11D3-BF4B-00C04F79EFBC}") = "MVC", "MVC\MVC.csproj", "{DD73C874-6C2D-4BE9-A551-80231861155A}"
EndProject
Global
	GlobalSection(SolutionConfigurationPlatforms) = preSolution
		Debug|Any CPU = Debug|Any CPU
		Release|Any CPU = Release|Any CPU
	EndGlobalSection
	GlobalSection(ProjectConfigurationPlatforms) = postSolution
		{54C8E18F-EDDC-455E-9684-F81F821F8C3B}.Debug|Any CPU.ActiveCfg = Debug|Any CPU
		{54C8E18F-EDDC-455E-9684-F81F821F8C3B}.Debug|Any CPU.Build.0 = Debug|Any CPU
		{54C8E18F-EDDC-455E-9684-F81F821F8C3B}.Release|Any CPU.ActiveCfg = Release|Any CPU
		{54C8E18F-EDDC-455E-9684-F81F821F8C3B}.Release|Any CPU.Build.0 = Release|Any CPU
		{DD73C874-6C2D-4BE9-A551-80231861155A}.Debug|Any CPU.ActiveCfg = Debug|Any CPU
		{DD73C874-6C2D-4BE9-A551-80231861155A}.Debug|Any CPU.Build.0 = Debug|Any CPU
		{DD73C874-6C2D-4BE9-A551-80231861155A}.Release|Any CPU.ActiveCfg = Release|Any CPU
		{DD73C874-6C2D-4BE9-A551-80231861155A}.Release|Any CPU.Build.0 = Release|Any CPU
	EndGlobalSection
	GlobalSection(SolutionProperties) = preSolution
		HideSolutionNode = FALSE
	EndGlobalSection
	GlobalSection(ExtensibilityGlobals) = postSolution
		SolutionGuid = {534654FC-A6E6-4C00-B18D-707948089D30}
	EndGlobalSection
EndGlobal
