
Microsoft Visual Studio Solution File, Format Version 12.00
# Visual Studio 15
VisualStudioVersion = 15.0.28307.1022
MinimumVisualStudioVersion = 10.0.40219.1
Project("{FAE04EC0-301F-11D3-BF4B-00C04F79EFBC}") = "FindCurrentDirection", "FindCurrentDirection\FindCurrentDirection.csproj", "{344BC0C2-85A9-4B3E-8D84-CC3FF0FDC652}"
EndProject
Global
	GlobalSection(SolutionConfigurationPlatforms) = preSolution
		Debug|Any CPU = Debug|Any CPU
		Release|Any CPU = Release|Any CPU
	EndGlobalSection
	GlobalSection(ProjectConfigurationPlatforms) = postSolution
		{344BC0C2-85A9-4B3E-8D84-CC3FF0FDC652}.Debug|Any CPU.ActiveCfg = Debug|Any CPU
		{344BC0C2-85A9-4B3E-8D84-CC3FF0FDC652}.Debug|Any CPU.Build.0 = Debug|Any CPU
		{344BC0C2-85A9-4B3E-8D84-CC3FF0FDC652}.Release|Any CPU.ActiveCfg = Release|Any CPU
		{344BC0C2-85A9-4B3E-8D84-CC3FF0FDC652}.Release|Any CPU.Build.0 = Release|Any CPU
	EndGlobalSection
	GlobalSection(SolutionProperties) = preSolution
		HideSolutionNode = FALSE
	EndGlobalSection
	GlobalSection(ExtensibilityGlobals) = postSolution
		SolutionGuid = {B90D328F-6462-4B0D-806E-64414742A7C8}
	EndGlobalSection
EndGlobal
