
Microsoft Visual Studio Solution File, Format Version 12.00
# Visual Studio Version 16
VisualStudioVersion = 16.0.29230.47
MinimumVisualStudioVersion = 10.0.40219.1
Project("{FAE04EC0-301F-11D3-BF4B-00C04F79EFBC}") = "Vidly_Dec_2019", "Vidly_Dec_2019\Vidly_Dec_2019.csproj", "{7C896766-07B9-4CAF-A0AD-ABF13755D834}"
EndProject
Global
	GlobalSection(SolutionConfigurationPlatforms) = preSolution
		Debug|Any CPU = Debug|Any CPU
		Release|Any CPU = Release|Any CPU
	EndGlobalSection
	GlobalSection(ProjectConfigurationPlatforms) = postSolution
		{7C896766-07B9-4CAF-A0AD-ABF13755D834}.Debug|Any CPU.ActiveCfg = Debug|Any CPU
		{7C896766-07B9-4CAF-A0AD-ABF13755D834}.Debug|Any CPU.Build.0 = Debug|Any CPU
		{7C896766-07B9-4CAF-A0AD-ABF13755D834}.Release|Any CPU.ActiveCfg = Release|Any CPU
		{7C896766-07B9-4CAF-A0AD-ABF13755D834}.Release|Any CPU.Build.0 = Release|Any CPU
	EndGlobalSection
	GlobalSection(SolutionProperties) = preSolution
		HideSolutionNode = FALSE
	EndGlobalSection
	GlobalSection(ExtensibilityGlobals) = postSolution
		SolutionGuid = {3B12B135-D254-4DB4-85E0-C76B29F408CB}
	EndGlobalSection
EndGlobal
