
Microsoft Visual Studio Solution File, Format Version 12.00
# Visual Studio Version 16
VisualStudioVersion = 16.0.29230.47
MinimumVisualStudioVersion = 10.0.40219.1
Project("{FAE04EC0-301F-11D3-BF4B-00C04F79EFBC}") = "StringBroadSenseCompare", "StringBroadSenseCompare.csproj", "{8664877B-83F5-4D76-A550-A14C8AE625BF}"
EndProject
Global
	GlobalSection(SolutionConfigurationPlatforms) = preSolution
		Debug|Any CPU = Debug|Any CPU
		Release|Any CPU = Release|Any CPU
	EndGlobalSection
	GlobalSection(ProjectConfigurationPlatforms) = postSolution
		{8664877B-83F5-4D76-A550-A14C8AE625BF}.Debug|Any CPU.ActiveCfg = Debug|Any CPU
		{8664877B-83F5-4D76-A550-A14C8AE625BF}.Debug|Any CPU.Build.0 = Debug|Any CPU
		{8664877B-83F5-4D76-A550-A14C8AE625BF}.Release|Any CPU.ActiveCfg = Release|Any CPU
		{8664877B-83F5-4D76-A550-A14C8AE625BF}.Release|Any CPU.Build.0 = Release|Any CPU
	EndGlobalSection
	GlobalSection(SolutionProperties) = preSolution
		HideSolutionNode = FALSE
	EndGlobalSection
	GlobalSection(ExtensibilityGlobals) = postSolution
		SolutionGuid = {773754A0-FF64-4C99-842B-5123020D725E}
	EndGlobalSection
EndGlobal
